
Microsoft Visual Studio Solution File, Format Version 12.00
# Visual Studio 15
VisualStudioVersion = 15.0.27428.2005
MinimumVisualStudioVersion = 10.0.40219.1
Project("{8BC9CEB8-8B4A-11D0-8D11-00A0C91BC942}") = "ex_001", "ex_001\ex_001.vcxproj", "{709E7F7C-2452-4259-9CC3-1F7CBD85EF0B}"
EndProject
Project("{8BC9CEB8-8B4A-11D0-8D11-00A0C91BC942}") = "ex_002", "ex_002\ex_002.vcxproj", "{99412221-C866-4991-8DF8-680BDA26F8F0}"
EndProject
Project("{8BC9CEB8-8B4A-11D0-8D11-00A0C91BC942}") = "ex_003", "ex_003\ex_003.vcxproj", "{117224EB-D15B-4F84-8DFB-CEA16D795841}"
EndProject
Project("{8BC9CEB8-8B4A-11D0-8D11-00A0C91BC942}") = "ex_004", "ex_004\ex_004.vcxproj", "{1F278473-0E45-4D7C-87F3-D0B31FFB17F1}"
EndProject
Global
	GlobalSection(SolutionConfigurationPlatforms) = preSolution
		Debug|x64 = Debug|x64
		Debug|x86 = Debug|x86
		Release|x64 = Release|x64
		Release|x86 = Release|x86
	EndGlobalSection
	GlobalSection(ProjectConfigurationPlatforms) = postSolution
		{709E7F7C-2452-4259-9CC3-1F7CBD85EF0B}.Debug|x64.ActiveCfg = Debug|x64
		{709E7F7C-2452-4259-9CC3-1F7CBD85EF0B}.Debug|x64.Build.0 = Debug|x64
		{709E7F7C-2452-4259-9CC3-1F7CBD85EF0B}.Debug|x86.ActiveCfg = Debug|Win32
		{709E7F7C-2452-4259-9CC3-1F7CBD85EF0B}.Debug|x86.Build.0 = Debug|Win32
		{709E7F7C-2452-4259-9CC3-1F7CBD85EF0B}.Release|x64.ActiveCfg = Release|x64
		{709E7F7C-2452-4259-9CC3-1F7CBD85EF0B}.Release|x64.Build.0 = Release|x64
		{709E7F7C-2452-4259-9CC3-1F7CBD85EF0B}.Release|x86.ActiveCfg = Release|Win32
		{709E7F7C-2452-4259-9CC3-1F7CBD85EF0B}.Release|x86.Build.0 = Release|Win32
		{99412221-C866-4991-8DF8-680BDA26F8F0}.Debug|x64.ActiveCfg = Debug|x64
		{99412221-C866-4991-8DF8-680BDA26F8F0}.Debug|x64.Build.0 = Debug|x64
		{99412221-C866-4991-8DF8-680BDA26F8F0}.Debug|x86.ActiveCfg = Debug|Win32
		{99412221-C866-4991-8DF8-680BDA26F8F0}.Debug|x86.Build.0 = Debug|Win32
		{99412221-C866-4991-8DF8-680BDA26F8F0}.Release|x64.ActiveCfg = Release|x64
		{99412221-C866-4991-8DF8-680BDA26F8F0}.Release|x64.Build.0 = Release|x64
		{99412221-C866-4991-8DF8-680BDA26F8F0}.Release|x86.ActiveCfg = Release|Win32
		{99412221-C866-4991-8DF8-680BDA26F8F0}.Release|x86.Build.0 = Release|Win32
		{117224EB-D15B-4F84-8DFB-CEA16D795841}.Debug|x64.ActiveCfg = Debug|x64
		{117224EB-D15B-4F84-8DFB-CEA16D795841}.Debug|x64.Build.0 = Debug|x64
		{117224EB-D15B-4F84-8DFB-CEA16D795841}.Debug|x86.ActiveCfg = Debug|Win32
		{117224EB-D15B-4F84-8DFB-CEA16D795841}.Debug|x86.Build.0 = Debug|Win32
		{117224EB-D15B-4F84-8DFB-CEA16D795841}.Release|x64.ActiveCfg = Release|x64
		{117224EB-D15B-4F84-8DFB-CEA16D795841}.Release|x64.Build.0 = Release|x64
		{117224EB-D15B-4F84-8DFB-CEA16D795841}.Release|x86.ActiveCfg = Release|Win32
		{117224EB-D15B-4F84-8DFB-CEA16D795841}.Release|x86.Build.0 = Release|Win32
		{1F278473-0E45-4D7C-87F3-D0B31FFB17F1}.Debug|x64.ActiveCfg = Debug|x64
		{1F278473-0E45-4D7C-87F3-D0B31FFB17F1}.Debug|x64.Build.0 = Debug|x64
		{1F278473-0E45-4D7C-87F3-D0B31FFB17F1}.Debug|x86.ActiveCfg = Debug|Win32
		{1F278473-0E45-4D7C-87F3-D0B31FFB17F1}.Debug|x86.Build.0 = Debug|Win32
		{1F278473-0E45-4D7C-87F3-D0B31FFB17F1}.Release|x64.ActiveCfg = Release|x64
		{1F278473-0E45-4D7C-87F3-D0B31FFB17F1}.Release|x64.Build.0 = Release|x64
		{1F278473-0E45-4D7C-87F3-D0B31FFB17F1}.Release|x86.ActiveCfg = Release|Win32
		{1F278473-0E45-4D7C-87F3-D0B31FFB17F1}.Release|x86.Build.0 = Release|Win32
	EndGlobalSection
	GlobalSection(SolutionProperties) = preSolution
		HideSolutionNode = FALSE
	EndGlobalSection
	GlobalSection(ExtensibilityGlobals) = postSolution
		SolutionGuid = {733E9B8D-3EED-4B0F-BFD0-D4F83A58D5D6}
	EndGlobalSection
EndGlobal
